{
  "nodes": {
    "devshell": {
      "flake": false,
      "locked": {
        "lastModified": 1663445644,
        "narHash": "sha256-+xVlcK60x7VY1vRJbNUEAHi17ZuoQxAIH4S4iUFUGBA=",
        "owner": "numtide",
        "repo": "devshell",
        "rev": "e3dc3e21594fe07bdb24bdf1c8657acaa4cb8f66",
        "type": "github"
      },
      "original": {
        "owner": "numtide",
        "repo": "devshell",
        "type": "github"
      }
    },
    "dream2nix": {
      "inputs": {
        "devshell": "devshell",
        "flake-compat": "flake-compat",
        "flake-parts": "flake-parts",
        "nix-unit": "nix-unit",
        "nixpkgs": [
          "nixpkgs"
        ],
        "pre-commit-hooks": "pre-commit-hooks"
      },
      "locked": {
        "lastModified": 1695717405,
        "narHash": "sha256-MvHrU3h0Bw57s2p+wCUnSZliR4wvvPi3xkW+MRWB5HU=",
        "owner": "nix-community",
        "repo": "dream2nix",
        "rev": "6dbd59e4a47bd916a655c4425a3e730c6aeae033",
        "type": "github"
      },
      "original": {
        "owner": "nix-community",
        "repo": "dream2nix",
        "type": "github"
      }
    },
    "flake-compat": {
      "flake": false,
      "locked": {
        "lastModified": 1673956053,
        "narHash": "sha256-4gtG9iQuiKITOjNQQeQIpoIB6b16fm+504Ch3sNKLd8=",
        "owner": "edolstra",
        "repo": "flake-compat",
        "rev": "35bb57c0c8d8b62bbfd284272c928ceb64ddbde9",
        "type": "github"
      },
      "original": {
        "owner": "edolstra",
        "repo": "flake-compat",
        "type": "github"
      }
    },
    "flake-parts": {
      "inputs": {
        "nixpkgs-lib": [
          "dream2nix",
          "nixpkgs"
        ]
      },
      "locked": {
        "lastModified": 1675933616,
        "narHash": "sha256-/rczJkJHtx16IFxMmAWu5nNYcSXNg1YYXTHoGjLrLUA=",
        "owner": "hercules-ci",
        "repo": "flake-parts",
        "rev": "47478a4a003e745402acf63be7f9a092d51b83d7",
        "type": "github"
      },
      "original": {
        "owner": "hercules-ci",
        "repo": "flake-parts",
        "type": "github"
      }
    },
    "flake-utils": {
      "inputs": {
        "systems": "systems"
      },
      "locked": {
        "lastModified": 1689068808,
        "narHash": "sha256-6ixXo3wt24N/melDWjq70UuHQLxGV8jZvooRanIHXw0=",
        "owner": "numtide",
        "repo": "flake-utils",
        "rev": "919d646de7be200f3bf08cb76ae1f09402b6f9b4",
        "type": "github"
      },
      "original": {
        "owner": "numtide",
        "repo": "flake-utils",
        "type": "github"
      }
    },
    "flake-utils_2": {
      "inputs": {
        "systems": "systems_2"
      },
      "locked": {
        "lastModified": 1694529238,
        "narHash": "sha256-zsNZZGTGnMOf9YpHKJqMSsa0dXbfmxeoJ7xHlrt+xmY=",
        "owner": "numtide",
        "repo": "flake-utils",
        "rev": "ff7b65b44d01cf9ba6a71320833626af21126384",
        "type": "github"
      },
      "original": {
        "owner": "numtide",
        "repo": "flake-utils",
        "type": "github"
      }
    },
    "mk-node-package": {
      "inputs": {
        "flake-utils": [
          "flake-utils"
        ],
        "nixpkgs": [
          "nixpkgs"
        ],
        "npmlock2nix": "npmlock2nix",
        "pnpm2nix": "pnpm2nix"
      },
      "locked": {
        "lastModified": 1633790997,
        "narHash": "sha256-1mk4EwNkWtTNpeRivZmJTzB+92g07maeFRVUMnnRh1U=",
        "owner": "winston0410",
        "repo": "mkNodePackage",
        "rev": "a7eca5e027c8b260dca4ece7d8dd187f92420611",
        "type": "github"
      },
      "original": {
        "owner": "winston0410",
        "repo": "mkNodePackage",
        "type": "github"
      }
    },
    "nix-github-actions": {
      "inputs": {
        "nixpkgs": [
          "dream2nix",
          "nix-unit",
          "nixpkgs"
        ]
      },
      "locked": {
        "lastModified": 1688870561,
        "narHash": "sha256-4UYkifnPEw1nAzqqPOTL2MvWtm3sNGw1UTYTalkTcGY=",
        "owner": "nix-community",
        "repo": "nix-github-actions",
        "rev": "165b1650b753316aa7f1787f3005a8d2da0f5301",
        "type": "github"
      },
      "original": {
        "owner": "nix-community",
        "repo": "nix-github-actions",
        "type": "github"
      }
    },
    "nix-unit": {
      "inputs": {
        "flake-parts": [
          "dream2nix",
          "flake-parts"
        ],
        "nix-github-actions": "nix-github-actions",
        "nixpkgs": [
          "dream2nix",
          "nixpkgs"
        ],
        "treefmt-nix": "treefmt-nix"
      },
      "locked": {
        "lastModified": 1690289081,
        "narHash": "sha256-PCXQAQt8+i2pkUym9P1JY4JGoeZJLzzxWBhprHDdItM=",
        "owner": "adisbladis",
        "repo": "nix-unit",
        "rev": "a9d6f33e50d4dcd9cfc0c92253340437bbae282b",
        "type": "github"
      },
      "original": {
        "owner": "adisbladis",
        "repo": "nix-unit",
        "type": "github"
      }
    },
    "nixpkgs": {
      "locked": {
        "lastModified": 1695644571,
        "narHash": "sha256-asS9dCCdlt1lPq0DLwkVBbVoEKuEuz+Zi3DG7pR/RxA=",
        "owner": "NixOS",
        "repo": "nixpkgs",
        "rev": "6500b4580c2a1f3d0f980d32d285739d8e156d92",
        "type": "github"
      },
      "original": {
        "owner": "NixOS",
        "ref": "nixos-unstable",
        "repo": "nixpkgs",
        "type": "github"
      }
    },
    "npmlock2nix": {
      "flake": false,
      "locked": {
        "lastModified": 1633729941,
        "narHash": "sha256-v2YPcEWI1Wz8ErivorubgLcDT06H6YzFT7uhp1ymqnE=",
        "owner": "winston0410",
        "repo": "npmlock2nix",
        "rev": "6ade47a330b6919defb45c0eb984a64234aa8468",
        "type": "github"
      },
      "original": {
        "owner": "winston0410",
        "ref": "issue113",
        "repo": "npmlock2nix",
        "type": "github"
      }
    },
    "pnpm2nix": {
      "flake": false,
      "locked": {
        "lastModified": 1594396611,
        "narHash": "sha256-UXOUQ+2A89/zaxYhTHiRrRBU5exbUWrg+FoJYMcNwuI=",
        "owner": "nix-community",
        "repo": "pnpm2nix",
        "rev": "f67be0925a91b92f54d99dbdead7a06920b979ac",
        "type": "github"
      },
      "original": {
        "owner": "nix-community",
        "ref": "master",
        "repo": "pnpm2nix",
        "type": "github"
      }
    },
    "pre-commit-hooks": {
      "inputs": {
        "flake-utils": "flake-utils",
        "nixpkgs": [
          "dream2nix",
          "nixpkgs"
        ]
      },
      "locked": {
        "lastModified": 1646153636,
        "narHash": "sha256-AlWHMzK+xJ1mG267FdT8dCq/HvLCA6jwmx2ZUy5O8tY=",
        "owner": "cachix",
        "repo": "pre-commit-hooks.nix",
        "rev": "b6bc0b21e1617e2b07d8205e7fae7224036dfa4b",
        "type": "github"
      },
      "original": {
        "owner": "cachix",
        "repo": "pre-commit-hooks.nix",
        "type": "github"
      }
    },
    "root": {
      "inputs": {
        "dream2nix": "dream2nix",
        "flake-utils": "flake-utils_2",
        "mk-node-package": "mk-node-package",
        "nixpkgs": "nixpkgs"
      }
    },
    "systems": {
      "locked": {
        "lastModified": 1681028828,
        "narHash": "sha256-Vy1rq5AaRuLzOxct8nz4T6wlgyUR7zLU309k9mBC768=",
        "owner": "nix-systems",
        "repo": "default",
        "rev": "da67096a3b9bf56a91d16901293e51ba5b49a27e",
        "type": "github"
      },
      "original": {
        "owner": "nix-systems",
        "repo": "default",
        "type": "github"
      }
    },
    "systems_2": {
      "locked": {
        "lastModified": 1681028828,
        "narHash": "sha256-Vy1rq5AaRuLzOxct8nz4T6wlgyUR7zLU309k9mBC768=",
        "owner": "nix-systems",
        "repo": "default",
        "rev": "da67096a3b9bf56a91d16901293e51ba5b49a27e",
        "type": "github"
      },
      "original": {
        "owner": "nix-systems",
        "repo": "default",
        "type": "github"
      }
    },
    "treefmt-nix": {
      "inputs": {
        "nixpkgs": [
          "dream2nix",
          "nix-unit",
          "nixpkgs"
        ]
      },
      "locked": {
        "lastModified": 1689620039,
        "narHash": "sha256-BtNwghr05z7k5YMdq+6nbue+nEalvDepuA7qdQMAKoQ=",
        "owner": "numtide",
        "repo": "treefmt-nix",
        "rev": "719c2977f958c41fa60a928e2fbc50af14844114",
        "type": "github"
      },
      "original": {
        "owner": "numtide",
        "repo": "treefmt-nix",
        "type": "github"
      }
    }
  },
  "root": "root",
  "version": 7
}
